
Microsoft Visual Studio Solution File, Format Version 12.00
# Visual Studio Version 17
VisualStudioVersion = 17.8.34309.116
MinimumVisualStudioVersion = 10.0.40219.1
Project("{9A19103F-16F7-4668-BE54-9A1E7A4F7556}") = "Лабораторная работа 12", "Лабораторная работа 12\Лабораторная работа 12.csproj", "{9DE890DF-4A35-4150-809E-B290D1476B63}"
EndProject
Project("{FAE04EC0-301F-11D3-BF4B-00C04F79EFBC}") = "MyListTests", "MyListTests\MyListTests.csproj", "{25644DE4-3883-4BCE-8B85-5F99CA90D95F}"
EndProject
Global
	GlobalSection(SolutionConfigurationPlatforms) = preSolution
		Debug|Any CPU = Debug|Any CPU
		Release|Any CPU = Release|Any CPU
	EndGlobalSection
	GlobalSection(ProjectConfigurationPlatforms) = postSolution
		{9DE890DF-4A35-4150-809E-B290D1476B63}.Debug|Any CPU.ActiveCfg = Debug|Any CPU
		{9DE890DF-4A35-4150-809E-B290D1476B63}.Debug|Any CPU.Build.0 = Debug|Any CPU
		{9DE890DF-4A35-4150-809E-B290D1476B63}.Release|Any CPU.ActiveCfg = Release|Any CPU
		{9DE890DF-4A35-4150-809E-B290D1476B63}.Release|Any CPU.Build.0 = Release|Any CPU
		{25644DE4-3883-4BCE-8B85-5F99CA90D95F}.Debug|Any CPU.ActiveCfg = Debug|Any CPU
		{25644DE4-3883-4BCE-8B85-5F99CA90D95F}.Debug|Any CPU.Build.0 = Debug|Any CPU
		{25644DE4-3883-4BCE-8B85-5F99CA90D95F}.Release|Any CPU.ActiveCfg = Release|Any CPU
		{25644DE4-3883-4BCE-8B85-5F99CA90D95F}.Release|Any CPU.Build.0 = Release|Any CPU
	EndGlobalSection
	GlobalSection(SolutionProperties) = preSolution
		HideSolutionNode = FALSE
	EndGlobalSection
	GlobalSection(ExtensibilityGlobals) = postSolution
		SolutionGuid = {5CFC2314-A500-41F7-9C3D-0339EE06FAA2}
	EndGlobalSection
EndGlobal
